{
  "name": "advent_2018",
  "version": "0.0.1",
  "lockfileVersion": 1,
  "requires": true,
  "dependencies": {
    "lodash": {
      "version": "4.17.11",
      "resolved": "https://repository.mark43.io/api/npm/npm-all/lodash/-/lodash-4.17.11.tgz",
      "integrity": "sha1-s56mIp72B+zYniyN8SU2iRysm40="
    },
    "prettier": {
      "version": "1.15.3",
      "resolved": "https://repository.mark43.io/api/npm/npm-all/prettier/-/prettier-1.15.3.tgz",
      "integrity": "sha1-H+qsW90YEje1Tb5l2HTgKhRyeGo="
    }
  }
}
